
Microsoft Visual Studio Solution File, Format Version 12.00
# Visual Studio 15
Project("{FAE04EC0-301F-11D3-BF4B-00C04F79EFBC}") = "rocket_elevator_api", "rocket_elevator_api\rocket_elevator_api.csproj", "{226AF1C4-D3F2-4C1D-ABFF-BF4C3786CADA}"
EndProject
Global
	GlobalSection(SolutionConfigurationPlatforms) = preSolution
		Debug|Any CPU = Debug|Any CPU
		Release|Any CPU = Release|Any CPU
	EndGlobalSection
	GlobalSection(ProjectConfigurationPlatforms) = postSolution
		{226AF1C4-D3F2-4C1D-ABFF-BF4C3786CADA}.Debug|Any CPU.ActiveCfg = Debug|Any CPU
		{226AF1C4-D3F2-4C1D-ABFF-BF4C3786CADA}.Debug|Any CPU.Build.0 = Debug|Any CPU
		{226AF1C4-D3F2-4C1D-ABFF-BF4C3786CADA}.Release|Any CPU.ActiveCfg = Release|Any CPU
		{226AF1C4-D3F2-4C1D-ABFF-BF4C3786CADA}.Release|Any CPU.Build.0 = Release|Any CPU
	EndGlobalSection
EndGlobal
